
Microsoft Visual Studio Solution File, Format Version 12.00
# Visual Studio Version 16
VisualStudioVersion = 16.0.30907.101
MinimumVisualStudioVersion = 10.0.40219.1
Project("{FAE04EC0-301F-11D3-BF4B-00C04F79EFBC}") = "FirstDzCollection", "FirstDzCollection\FirstDzCollection.csproj", "{C3332F5E-45D2-4F48-911E-BB1A31BF5874}"
EndProject
Project("{FAE04EC0-301F-11D3-BF4B-00C04F79EFBC}") = "Inventory", "Inventory\Inventory.csproj", "{A32A5C1C-E714-4BA0-A099-72FA1FFA2212}"
EndProject
Project("{FAE04EC0-301F-11D3-BF4B-00C04F79EFBC}") = "Stats", "Stats\Stats.csproj", "{2752BA8E-0733-416D-A994-6573FA71DD34}"
EndProject
Global
	GlobalSection(SolutionConfigurationPlatforms) = preSolution
		Debug|Any CPU = Debug|Any CPU
		Release|Any CPU = Release|Any CPU
	EndGlobalSection
	GlobalSection(ProjectConfigurationPlatforms) = postSolution
		{C3332F5E-45D2-4F48-911E-BB1A31BF5874}.Debug|Any CPU.ActiveCfg = Debug|Any CPU
		{C3332F5E-45D2-4F48-911E-BB1A31BF5874}.Debug|Any CPU.Build.0 = Debug|Any CPU
		{C3332F5E-45D2-4F48-911E-BB1A31BF5874}.Release|Any CPU.ActiveCfg = Release|Any CPU
		{C3332F5E-45D2-4F48-911E-BB1A31BF5874}.Release|Any CPU.Build.0 = Release|Any CPU
		{A32A5C1C-E714-4BA0-A099-72FA1FFA2212}.Debug|Any CPU.ActiveCfg = Debug|Any CPU
		{A32A5C1C-E714-4BA0-A099-72FA1FFA2212}.Debug|Any CPU.Build.0 = Debug|Any CPU
		{A32A5C1C-E714-4BA0-A099-72FA1FFA2212}.Release|Any CPU.ActiveCfg = Release|Any CPU
		{A32A5C1C-E714-4BA0-A099-72FA1FFA2212}.Release|Any CPU.Build.0 = Release|Any CPU
		{2752BA8E-0733-416D-A994-6573FA71DD34}.Debug|Any CPU.ActiveCfg = Debug|Any CPU
		{2752BA8E-0733-416D-A994-6573FA71DD34}.Debug|Any CPU.Build.0 = Debug|Any CPU
		{2752BA8E-0733-416D-A994-6573FA71DD34}.Release|Any CPU.ActiveCfg = Release|Any CPU
		{2752BA8E-0733-416D-A994-6573FA71DD34}.Release|Any CPU.Build.0 = Release|Any CPU
	EndGlobalSection
	GlobalSection(SolutionProperties) = preSolution
		HideSolutionNode = FALSE
	EndGlobalSection
	GlobalSection(ExtensibilityGlobals) = postSolution
		SolutionGuid = {7C0D4C1F-CEC3-4B76-981D-04C16E5AF521}
	EndGlobalSection
EndGlobal
